
Microsoft Visual Studio Solution File, Format Version 12.00
# Visual Studio Version 17
VisualStudioVersion = 17.9.34728.123
MinimumVisualStudioVersion = 10.0.40219.1
Project("{9A19103F-16F7-4668-BE54-9A1E7A4F7556}") = "AdvancedTaskPart2", "AdvancedTaskPart2.csproj", "{0136AD2E-BE43-456F-8746-ECCCC1511998}"
EndProject
Global
	GlobalSection(SolutionConfigurationPlatforms) = preSolution
		Debug|Any CPU = Debug|Any CPU
		Release|Any CPU = Release|Any CPU
	EndGlobalSection
	GlobalSection(ProjectConfigurationPlatforms) = postSolution
		{0136AD2E-BE43-456F-8746-ECCCC1511998}.Debug|Any CPU.ActiveCfg = Debug|Any CPU
		{0136AD2E-BE43-456F-8746-ECCCC1511998}.Debug|Any CPU.Build.0 = Debug|Any CPU
		{0136AD2E-BE43-456F-8746-ECCCC1511998}.Release|Any CPU.ActiveCfg = Release|Any CPU
		{0136AD2E-BE43-456F-8746-ECCCC1511998}.Release|Any CPU.Build.0 = Release|Any CPU
	EndGlobalSection
	GlobalSection(SolutionProperties) = preSolution
		HideSolutionNode = FALSE
	EndGlobalSection
	GlobalSection(ExtensibilityGlobals) = postSolution
		SolutionGuid = {F15E1A89-0389-443D-8FAE-337BF6A80B0F}
	EndGlobalSection
EndGlobal
